
Microsoft Visual Studio Solution File, Format Version 12.00
# Visual Studio Version 17
VisualStudioVersion = 17.1.32328.378
MinimumVisualStudioVersion = 10.0.40219.1
Project("{9A19103F-16F7-4668-BE54-9A1E7A4F7556}") = "BootstrapBlazor.OnScreenKeyboard", "src\BootstrapBlazor.OnScreenKeyboard\BootstrapBlazor.OnScreenKeyboard.csproj", "{7876F5CF-7B59-4E53-8A91-018E0FB93085}"
EndProject
Project("{2150E333-8FDC-42A3-9474-1A3956D46DE8}") = "Solution Items", "Solution Items", "{FB521973-C057-463E-8CD4-9A278491EFBA}"
	ProjectSection(SolutionItems) = preProject
		.editorconfig = .editorconfig
		.gitattributes = .gitattributes
		.gitignore = .gitignore
		README.md = README.md
		README.zh-CN.md = README.zh-CN.md
	EndProjectSection
EndProject
Global
	GlobalSection(SolutionConfigurationPlatforms) = preSolution
		Debug|Any CPU = Debug|Any CPU
		Release|Any CPU = Release|Any CPU
	EndGlobalSection
	GlobalSection(ProjectConfigurationPlatforms) = postSolution
		{7876F5CF-7B59-4E53-8A91-018E0FB93085}.Debug|Any CPU.ActiveCfg = Debug|Any CPU
		{7876F5CF-7B59-4E53-8A91-018E0FB93085}.Debug|Any CPU.Build.0 = Debug|Any CPU
		{7876F5CF-7B59-4E53-8A91-018E0FB93085}.Release|Any CPU.ActiveCfg = Release|Any CPU
		{7876F5CF-7B59-4E53-8A91-018E0FB93085}.Release|Any CPU.Build.0 = Release|Any CPU
	EndGlobalSection
	GlobalSection(SolutionProperties) = preSolution
		HideSolutionNode = FALSE
	EndGlobalSection
	GlobalSection(ExtensibilityGlobals) = postSolution
		SolutionGuid = {C8B41E9C-39E0-4B91-BB02-39FD2714C2D7}
	EndGlobalSection
EndGlobal
